
Microsoft Visual Studio Solution File, Format Version 12.00
# Visual Studio Version 16
VisualStudioVersion = 16.0.34114.132
MinimumVisualStudioVersion = 10.0.40219.1
Project("{FAE04EC0-301F-11D3-BF4B-00C04F79EFBC}") = "BTLQuanLy", "BTLQuanLy\BTLQuanLy.csproj", "{23693777-7F88-40F9-BD21-A51D59AF4EA4}"
EndProject
Global
	GlobalSection(SolutionConfigurationPlatforms) = preSolution
		Debug|Any CPU = Debug|Any CPU
		Release|Any CPU = Release|Any CPU
	EndGlobalSection
	GlobalSection(ProjectConfigurationPlatforms) = postSolution
		{23693777-7F88-40F9-BD21-A51D59AF4EA4}.Debug|Any CPU.ActiveCfg = Debug|Any CPU
		{23693777-7F88-40F9-BD21-A51D59AF4EA4}.Debug|Any CPU.Build.0 = Debug|Any CPU
		{23693777-7F88-40F9-BD21-A51D59AF4EA4}.Release|Any CPU.ActiveCfg = Release|Any CPU
		{23693777-7F88-40F9-BD21-A51D59AF4EA4}.Release|Any CPU.Build.0 = Release|Any CPU
	EndGlobalSection
	GlobalSection(SolutionProperties) = preSolution
		HideSolutionNode = FALSE
	EndGlobalSection
	GlobalSection(ExtensibilityGlobals) = postSolution
		SolutionGuid = {2D44C706-5660-4BDD-A43A-7F660613E76D}
	EndGlobalSection
EndGlobal
